
Microsoft Visual Studio Solution File, Format Version 12.00
# Visual Studio 14
VisualStudioVersion = 14.0.23107.0
MinimumVisualStudioVersion = 10.0.40219.1
Project("{FAE04EC0-301F-11D3-BF4B-00C04F79EFBC}") = "Mailfunnel", "Mailfunnel\Mailfunnel.csproj", "{240F044B-D436-47B8-AAF7-B0E9DB0B19A9}"
EndProject
Project("{FAE04EC0-301F-11D3-BF4B-00C04F79EFBC}") = "Mailfunnel.SMTP", "Mailfunnel.SMTP\Mailfunnel.SMTP.csproj", "{0674ED19-58B1-4E3D-9FCE-DBAF52C89A61}"
EndProject
Project("{FAE04EC0-301F-11D3-BF4B-00C04F79EFBC}") = "Mailfunnel.SMTP.Tests", "Mailfunnel.SMTP.Tests\Mailfunnel.SMTP.Tests.csproj", "{067456C0-086C-46A8-B37F-1405717B7BFC}"
EndProject
Project("{2150E333-8FDC-42A3-9474-1A3956D46DE8}") = "_Misc", "_Misc", "{23656677-76C7-4AEE-9232-7D5A213BADC7}"
EndProject
Project("{2150E333-8FDC-42A3-9474-1A3956D46DE8}") = "Unit Testing Metrics", "Unit Testing Metrics", "{0FB9E3C7-1FE7-445E-9756-533A13BBCB08}"
	ProjectSection(SolutionItems) = preProject
		GenerateMetrics.bat = GenerateMetrics.bat
	EndProjectSection
EndProject
Project("{FAE04EC0-301F-11D3-BF4B-00C04F79EFBC}") = "Mailfunnel.Web", "Mailfunnel.Web\Mailfunnel.Web.csproj", "{ECCF20B5-0443-4398-A3A9-4D0954C9CA9F}"
EndProject
Project("{FAE04EC0-301F-11D3-BF4B-00C04F79EFBC}") = "Mailfunnel.Data", "Mailfunnel.Data\Mailfunnel.Data.csproj", "{4590A716-0D49-4733-B120-FAF6F331213F}"
EndProject
Global
	GlobalSection(SolutionConfigurationPlatforms) = preSolution
		Debug|Any CPU = Debug|Any CPU
		Release|Any CPU = Release|Any CPU
	EndGlobalSection
	GlobalSection(ProjectConfigurationPlatforms) = postSolution
		{240F044B-D436-47B8-AAF7-B0E9DB0B19A9}.Debug|Any CPU.ActiveCfg = Debug|Any CPU
		{240F044B-D436-47B8-AAF7-B0E9DB0B19A9}.Debug|Any CPU.Build.0 = Debug|Any CPU
		{240F044B-D436-47B8-AAF7-B0E9DB0B19A9}.Release|Any CPU.ActiveCfg = Release|Any CPU
		{240F044B-D436-47B8-AAF7-B0E9DB0B19A9}.Release|Any CPU.Build.0 = Release|Any CPU
		{0674ED19-58B1-4E3D-9FCE-DBAF52C89A61}.Debug|Any CPU.ActiveCfg = Debug|Any CPU
		{0674ED19-58B1-4E3D-9FCE-DBAF52C89A61}.Debug|Any CPU.Build.0 = Debug|Any CPU
		{0674ED19-58B1-4E3D-9FCE-DBAF52C89A61}.Release|Any CPU.ActiveCfg = Release|Any CPU
		{0674ED19-58B1-4E3D-9FCE-DBAF52C89A61}.Release|Any CPU.Build.0 = Release|Any CPU
		{067456C0-086C-46A8-B37F-1405717B7BFC}.Debug|Any CPU.ActiveCfg = Debug|Any CPU
		{067456C0-086C-46A8-B37F-1405717B7BFC}.Debug|Any CPU.Build.0 = Debug|Any CPU
		{067456C0-086C-46A8-B37F-1405717B7BFC}.Release|Any CPU.ActiveCfg = Release|Any CPU
		{067456C0-086C-46A8-B37F-1405717B7BFC}.Release|Any CPU.Build.0 = Release|Any CPU
		{ECCF20B5-0443-4398-A3A9-4D0954C9CA9F}.Debug|Any CPU.ActiveCfg = Debug|Any CPU
		{ECCF20B5-0443-4398-A3A9-4D0954C9CA9F}.Debug|Any CPU.Build.0 = Debug|Any CPU
		{ECCF20B5-0443-4398-A3A9-4D0954C9CA9F}.Release|Any CPU.ActiveCfg = Release|Any CPU
		{ECCF20B5-0443-4398-A3A9-4D0954C9CA9F}.Release|Any CPU.Build.0 = Release|Any CPU
		{4590A716-0D49-4733-B120-FAF6F331213F}.Debug|Any CPU.ActiveCfg = Debug|Any CPU
		{4590A716-0D49-4733-B120-FAF6F331213F}.Debug|Any CPU.Build.0 = Debug|Any CPU
		{4590A716-0D49-4733-B120-FAF6F331213F}.Release|Any CPU.ActiveCfg = Release|Any CPU
		{4590A716-0D49-4733-B120-FAF6F331213F}.Release|Any CPU.Build.0 = Release|Any CPU
	EndGlobalSection
	GlobalSection(SolutionProperties) = preSolution
		HideSolutionNode = FALSE
	EndGlobalSection
	GlobalSection(NestedProjects) = preSolution
		{0FB9E3C7-1FE7-445E-9756-533A13BBCB08} = {23656677-76C7-4AEE-9232-7D5A213BADC7}
	EndGlobalSection
	GlobalSection(ExtensibilityGlobals) = postSolution
		EnterpriseLibraryConfigurationToolBinariesPath = packages\Unity.2.1.505.0\lib\NET35
	EndGlobalSection
EndGlobal
